// !$*UTF8*$!
{
	archiveVersion = 1;
	classes = {
	};
	objectVersion = 44;
	objects = {

/* Begin PBXBuildFile section */
		0091D8F90E81B9330029341E /* OpenGL.framework in Frameworks */ = {isa = PBXBuildFile; fileRef = 0091D8F80E81B9330029341E /* OpenGL.framework */; };
		0097E3E50F3E9819005A4392 /* QuickTime.framework in Frameworks */ = {isa = PBXBuildFile; fileRef = 0097E3E40F3E9819005A4392 /* QuickTime.framework */; };
		00B784B30FF439BC000DE1D7 /* Accelerate.framework in Frameworks */ = {isa = PBXBuildFile; fileRef = 00B784AF0FF439BC000DE1D7 /* Accelerate.framework */; };
		00B784B40FF439BC000DE1D7 /* AudioToolbox.framework in Frameworks */ = {isa = PBXBuildFile; fileRef = 00B784B00FF439BC000DE1D7 /* AudioToolbox.framework */; };
		00B784B50FF439BC000DE1D7 /* AudioUnit.framework in Frameworks */ = {isa = PBXBuildFile; fileRef = 00B784B10FF439BC000DE1D7 /* AudioUnit.framework */; };
		00B784B60FF439BC000DE1D7 /* CoreAudio.framework in Frameworks */ = {isa = PBXBuildFile; fileRef = 00B784B20FF439BC000DE1D7 /* CoreAudio.framework */; };
		00BAE65A0E7ED9C10018A608 /* KinectApp.cpp in Sources */ = {isa = PBXBuildFile; fileRef = 00BAE6590E7ED9C10018A608 /* KinectApp.cpp */; };
		00CCAF15116A9FEE008396D5 /* CinderApp.icns in Resources */ = {isa = PBXBuildFile; fileRef = 00CCAF14116A9FEE008396D5 /* CinderApp.icns */; };
		5323E6B20EAFCA74003A9687 /* CoreVideo.framework in Frameworks */ = {isa = PBXBuildFile; fileRef = 5323E6B10EAFCA74003A9687 /* CoreVideo.framework */; };
		5323E6B60EAFCA7E003A9687 /* QTKit.framework in Frameworks */ = {isa = PBXBuildFile; fileRef = 5323E6B50EAFCA7E003A9687 /* QTKit.framework */; };
		53E3CDFC0E86099300238D2B /* Carbon.framework in Frameworks */ = {isa = PBXBuildFile; fileRef = 53E3CDFB0E86099300238D2B /* Carbon.framework */; };
		8D11072F0486CEB800E47090 /* Cocoa.framework in Frameworks */ = {isa = PBXBuildFile; fileRef = 1058C7A1FEA54F0111CA2CBB /* Cocoa.framework */; };
		ED6A6BFA1511719E00EC7BC3 /* VOpenNIDevice.cpp in Sources */ = {isa = PBXBuildFile; fileRef = ED6A6BEE1511719E00EC7BC3 /* VOpenNIDevice.cpp */; };
		ED6A6BFB1511719E00EC7BC3 /* VOpenNIDeviceManager.cpp in Sources */ = {isa = PBXBuildFile; fileRef = ED6A6BF01511719E00EC7BC3 /* VOpenNIDeviceManager.cpp */; };
		ED6A6BFC1511719E00EC7BC3 /* VOpenNINetwork.cpp in Sources */ = {isa = PBXBuildFile; fileRef = ED6A6BF31511719E00EC7BC3 /* VOpenNINetwork.cpp */; };
		ED6A6BFD1511719E00EC7BC3 /* VOpenNIRecorder.cpp in Sources */ = {isa = PBXBuildFile; fileRef = ED6A6BF51511719E00EC7BC3 /* VOpenNIRecorder.cpp */; };
		ED6A6BFE1511719E00EC7BC3 /* VOpenNIUser.cpp in Sources */ = {isa = PBXBuildFile; fileRef = ED6A6BF81511719E00EC7BC3 /* VOpenNIUser.cpp */; };
		EDC4D6961511AA0500479E7A /* frag_120.fs in Sources */ = {isa = PBXBuildFile; fileRef = EDC4D6901511AA0500479E7A /* frag_120.fs */; };
		EDC4D6971511AA0500479E7A /* frag_150.glsl in Resources */ = {isa = PBXBuildFile; fileRef = EDC4D6911511AA0500479E7A /* frag_150.glsl */; };
		EDC4D6981511AA0500479E7A /* geom_120.gs in Sources */ = {isa = PBXBuildFile; fileRef = EDC4D6921511AA0500479E7A /* geom_120.gs */; };
		EDC4D6991511AA0500479E7A /* geom_150.glsl in Resources */ = {isa = PBXBuildFile; fileRef = EDC4D6931511AA0500479E7A /* geom_150.glsl */; };
		EDC4D69A1511AA0500479E7A /* vert_120.vs in Sources */ = {isa = PBXBuildFile; fileRef = EDC4D6941511AA0500479E7A /* vert_120.vs */; };
		EDC4D69B1511AA0500479E7A /* vert_150.glsl in Resources */ = {isa = PBXBuildFile; fileRef = EDC4D6951511AA0500479E7A /* vert_150.glsl */; };
/* End PBXBuildFile section */

/* Begin PBXFileReference section */
		0091D8F80E81B9330029341E /* OpenGL.framework */ = {isa = PBXFileReference; lastKnownFileType = wrapper.framework; name = OpenGL.framework; path = /System/Library/Frameworks/OpenGL.framework; sourceTree = "<absolute>"; };
		0097E3E40F3E9819005A4392 /* QuickTime.framework */ = {isa = PBXFileReference; lastKnownFileType = wrapper.framework; name = QuickTime.framework; path = /System/Library/Frameworks/QuickTime.framework; sourceTree = "<absolute>"; };
		00B784AF0FF439BC000DE1D7 /* Accelerate.framework */ = {isa = PBXFileReference; lastKnownFileType = wrapper.framework; name = Accelerate.framework; path = System/Library/Frameworks/Accelerate.framework; sourceTree = SDKROOT; };
		00B784B00FF439BC000DE1D7 /* AudioToolbox.framework */ = {isa = PBXFileReference; lastKnownFileType = wrapper.framework; name = AudioToolbox.framework; path = System/Library/Frameworks/AudioToolbox.framework; sourceTree = SDKROOT; };
		00B784B10FF439BC000DE1D7 /* AudioUnit.framework */ = {isa = PBXFileReference; lastKnownFileType = wrapper.framework; name = AudioUnit.framework; path = System/Library/Frameworks/AudioUnit.framework; sourceTree = SDKROOT; };
		00B784B20FF439BC000DE1D7 /* CoreAudio.framework */ = {isa = PBXFileReference; lastKnownFileType = wrapper.framework; name = CoreAudio.framework; path = System/Library/Frameworks/CoreAudio.framework; sourceTree = SDKROOT; };
		00BAE6590E7ED9C10018A608 /* KinectApp.cpp */ = {isa = PBXFileReference; fileEncoding = 4; lastKnownFileType = sourcecode.cpp.cpp; name = KinectApp.cpp; path = ../src/KinectApp.cpp; sourceTree = SOURCE_ROOT; };
		00CCAF14116A9FEE008396D5 /* CinderApp.icns */ = {isa = PBXFileReference; lastKnownFileType = image.icns; name = CinderApp.icns; path = ../resources/CinderApp.icns; sourceTree = SOURCE_ROOT; };
		1058C7A1FEA54F0111CA2CBB /* Cocoa.framework */ = {isa = PBXFileReference; lastKnownFileType = wrapper.framework; name = Cocoa.framework; path = /System/Library/Frameworks/Cocoa.framework; sourceTree = "<absolute>"; };
		13E42FB307B3F0F600E4EEF1 /* CoreData.framework */ = {isa = PBXFileReference; lastKnownFileType = wrapper.framework; name = CoreData.framework; path = /System/Library/Frameworks/CoreData.framework; sourceTree = "<absolute>"; };
		29B97324FDCFA39411CA2CEA /* AppKit.framework */ = {isa = PBXFileReference; lastKnownFileType = wrapper.framework; name = AppKit.framework; path = /System/Library/Frameworks/AppKit.framework; sourceTree = "<absolute>"; };
		29B97325FDCFA39411CA2CEA /* Foundation.framework */ = {isa = PBXFileReference; lastKnownFileType = wrapper.framework; name = Foundation.framework; path = /System/Library/Frameworks/Foundation.framework; sourceTree = "<absolute>"; };
		32CA4F630368D1EE00C91783 /* Kinect_Prefix.pch */ = {isa = PBXFileReference; fileEncoding = 4; lastKnownFileType = sourcecode.c.h; path = Kinect_Prefix.pch; sourceTree = "<group>"; };
		5323E6B10EAFCA74003A9687 /* CoreVideo.framework */ = {isa = PBXFileReference; lastKnownFileType = wrapper.framework; name = CoreVideo.framework; path = /System/Library/Frameworks/CoreVideo.framework; sourceTree = "<absolute>"; };
		5323E6B50EAFCA7E003A9687 /* QTKit.framework */ = {isa = PBXFileReference; lastKnownFileType = wrapper.framework; name = QTKit.framework; path = /System/Library/Frameworks/QTKit.framework; sourceTree = "<absolute>"; };
		53E3CDFB0E86099300238D2B /* Carbon.framework */ = {isa = PBXFileReference; lastKnownFileType = wrapper.framework; name = Carbon.framework; path = /System/Library/Frameworks/Carbon.framework; sourceTree = "<absolute>"; };
		8D1107310486CEB800E47090 /* Info.plist */ = {isa = PBXFileReference; fileEncoding = 4; lastKnownFileType = text.plist.xml; path = Info.plist; sourceTree = "<group>"; };
		8D1107320486CEB800E47090 /* Kinect.app */ = {isa = PBXFileReference; explicitFileType = wrapper.application; includeInIndex = 0; path = Kinect.app; sourceTree = BUILT_PRODUCTS_DIR; };
		ED6A6BEB1511719E00EC7BC3 /* SkeletonPoseDetector.h */ = {isa = PBXFileReference; fileEncoding = 4; lastKnownFileType = sourcecode.c.h; path = SkeletonPoseDetector.h; sourceTree = "<group>"; };
		ED6A6BEC1511719E00EC7BC3 /* VOpenNIBone.h */ = {isa = PBXFileReference; fileEncoding = 4; lastKnownFileType = sourcecode.c.h; path = VOpenNIBone.h; sourceTree = "<group>"; };
		ED6A6BED1511719E00EC7BC3 /* VOpenNICommon.h */ = {isa = PBXFileReference; fileEncoding = 4; lastKnownFileType = sourcecode.c.h; path = VOpenNICommon.h; sourceTree = "<group>"; };
		ED6A6BEE1511719E00EC7BC3 /* VOpenNIDevice.cpp */ = {isa = PBXFileReference; fileEncoding = 4; lastKnownFileType = sourcecode.cpp.cpp; path = VOpenNIDevice.cpp; sourceTree = "<group>"; };
		ED6A6BEF1511719E00EC7BC3 /* VOpenNIDevice.h */ = {isa = PBXFileReference; fileEncoding = 4; lastKnownFileType = sourcecode.c.h; path = VOpenNIDevice.h; sourceTree = "<group>"; };
		ED6A6BF01511719E00EC7BC3 /* VOpenNIDeviceManager.cpp */ = {isa = PBXFileReference; fileEncoding = 4; lastKnownFileType = sourcecode.cpp.cpp; path = VOpenNIDeviceManager.cpp; sourceTree = "<group>"; };
		ED6A6BF11511719E00EC7BC3 /* VOpenNIDeviceManager.h */ = {isa = PBXFileReference; fileEncoding = 4; lastKnownFileType = sourcecode.c.h; path = VOpenNIDeviceManager.h; sourceTree = "<group>"; };
		ED6A6BF21511719E00EC7BC3 /* VOpenNIHeaders.h */ = {isa = PBXFileReference; fileEncoding = 4; lastKnownFileType = sourcecode.c.h; path = VOpenNIHeaders.h; sourceTree = "<group>"; };
		ED6A6BF31511719E00EC7BC3 /* VOpenNINetwork.cpp */ = {isa = PBXFileReference; fileEncoding = 4; lastKnownFileType = sourcecode.cpp.cpp; path = VOpenNINetwork.cpp; sourceTree = "<group>"; };
		ED6A6BF41511719E00EC7BC3 /* VOpenNINetwork.h */ = {isa = PBXFileReference; fileEncoding = 4; lastKnownFileType = sourcecode.c.h; path = VOpenNINetwork.h; sourceTree = "<group>"; };
		ED6A6BF51511719E00EC7BC3 /* VOpenNIRecorder.cpp */ = {isa = PBXFileReference; fileEncoding = 4; lastKnownFileType = sourcecode.cpp.cpp; path = VOpenNIRecorder.cpp; sourceTree = "<group>"; };
		ED6A6BF61511719E00EC7BC3 /* VOpenNIRecorder.h */ = {isa = PBXFileReference; fileEncoding = 4; lastKnownFileType = sourcecode.c.h; path = VOpenNIRecorder.h; sourceTree = "<group>"; };
		ED6A6BF71511719E00EC7BC3 /* VOpenNISurface.h */ = {isa = PBXFileReference; fileEncoding = 4; lastKnownFileType = sourcecode.c.h; path = VOpenNISurface.h; sourceTree = "<group>"; };
		ED6A6BF81511719E00EC7BC3 /* VOpenNIUser.cpp */ = {isa = PBXFileReference; fileEncoding = 4; lastKnownFileType = sourcecode.cpp.cpp; path = VOpenNIUser.cpp; sourceTree = "<group>"; };
		ED6A6BF91511719E00EC7BC3 /* VOpenNIUser.h */ = {isa = PBXFileReference; fileEncoding = 4; lastKnownFileType = sourcecode.c.h; path = VOpenNIUser.h; sourceTree = "<group>"; };
		EDC4D6901511AA0500479E7A /* frag_120.fs */ = {isa = PBXFileReference; fileEncoding = 4; lastKnownFileType = sourcecode.glsl; name = frag_120.fs; path = ../resources/frag_120.fs; sourceTree = "<group>"; };
		EDC4D6911511AA0500479E7A /* frag_150.glsl */ = {isa = PBXFileReference; fileEncoding = 4; lastKnownFileType = text; name = frag_150.glsl; path = ../resources/frag_150.glsl; sourceTree = "<group>"; };
		EDC4D6921511AA0500479E7A /* geom_120.gs */ = {isa = PBXFileReference; fileEncoding = 4; lastKnownFileType = sourcecode.glsl; name = geom_120.gs; path = ../resources/geom_120.gs; sourceTree = "<group>"; };
		EDC4D6931511AA0500479E7A /* geom_150.glsl */ = {isa = PBXFileReference; fileEncoding = 4; lastKnownFileType = text; name = geom_150.glsl; path = ../resources/geom_150.glsl; sourceTree = "<group>"; };
		EDC4D6941511AA0500479E7A /* vert_120.vs */ = {isa = PBXFileReference; fileEncoding = 4; lastKnownFileType = sourcecode.glsl; name = vert_120.vs; path = ../resources/vert_120.vs; sourceTree = "<group>"; };
		EDC4D6951511AA0500479E7A /* vert_150.glsl */ = {isa = PBXFileReference; fileEncoding = 4; lastKnownFileType = text; name = vert_150.glsl; path = ../resources/vert_150.glsl; sourceTree = "<group>"; };
		EDC4D69E1511AC5300479E7A /* Resources.h */ = {isa = PBXFileReference; fileEncoding = 4; lastKnownFileType = sourcecode.c.h; name = Resources.h; path = ../include/Resources.h; sourceTree = "<group>"; };
/* End PBXFileReference section */

/* Begin PBXFrameworksBuildPhase section */
		8D11072E0486CEB800E47090 /* Frameworks */ = {
			isa = PBXFrameworksBuildPhase;
			buildActionMask = 2147483647;
			files = (
				8D11072F0486CEB800E47090 /* Cocoa.framework in Frameworks */,
				0091D8F90E81B9330029341E /* OpenGL.framework in Frameworks */,
				53E3CDFC0E86099300238D2B /* Carbon.framework in Frameworks */,
				5323E6B20EAFCA74003A9687 /* CoreVideo.framework in Frameworks */,
				5323E6B60EAFCA7E003A9687 /* QTKit.framework in Frameworks */,
				0097E3E50F3E9819005A4392 /* QuickTime.framework in Frameworks */,
				00B784B30FF439BC000DE1D7 /* Accelerate.framework in Frameworks */,
				00B784B40FF439BC000DE1D7 /* AudioToolbox.framework in Frameworks */,
				00B784B50FF439BC000DE1D7 /* AudioUnit.framework in Frameworks */,
				00B784B60FF439BC000DE1D7 /* CoreAudio.framework in Frameworks */,
			);
			runOnlyForDeploymentPostprocessing = 0;
		};
/* End PBXFrameworksBuildPhase section */

/* Begin PBXGroup section */
		080E96DDFE201D6D7F000001 /* Source */ = {
			isa = PBXGroup;
			children = (
				00BAE6590E7ED9C10018A608 /* KinectApp.cpp */,
			);
			name = Source;
			sourceTree = "<group>";
		};
		1058C7A0FEA54F0111CA2CBB /* Linked Frameworks */ = {
			isa = PBXGroup;
			children = (
				00B784AF0FF439BC000DE1D7 /* Accelerate.framework */,
				00B784B00FF439BC000DE1D7 /* AudioToolbox.framework */,
				00B784B10FF439BC000DE1D7 /* AudioUnit.framework */,
				00B784B20FF439BC000DE1D7 /* CoreAudio.framework */,
				0097E3E40F3E9819005A4392 /* QuickTime.framework */,
				5323E6B50EAFCA7E003A9687 /* QTKit.framework */,
				5323E6B10EAFCA74003A9687 /* CoreVideo.framework */,
				53E3CDFB0E86099300238D2B /* Carbon.framework */,
				0091D8F80E81B9330029341E /* OpenGL.framework */,
				1058C7A1FEA54F0111CA2CBB /* Cocoa.framework */,
			);
			name = "Linked Frameworks";
			sourceTree = "<group>";
		};
		1058C7A2FEA54F0111CA2CBB /* Other Frameworks */ = {
			isa = PBXGroup;
			children = (
				29B97324FDCFA39411CA2CEA /* AppKit.framework */,
				13E42FB307B3F0F600E4EEF1 /* CoreData.framework */,
				29B97325FDCFA39411CA2CEA /* Foundation.framework */,
			);
			name = "Other Frameworks";
			sourceTree = "<group>";
		};
		19C28FACFE9D520D11CA2CBB /* Products */ = {
			isa = PBXGroup;
			children = (
				8D1107320486CEB800E47090 /* Kinect.app */,
			);
			name = Products;
			sourceTree = "<group>";
		};
		29B97314FDCFA39411CA2CEA /* Kinect */ = {
			isa = PBXGroup;
			children = (
				EDC4D69D1511AC4800479E7A /* Include */,
				ED6A6BE71511719000EC7BC3 /* Blocks */,
				29B97315FDCFA39411CA2CEA /* Headers */,
				080E96DDFE201D6D7F000001 /* Source */,
				29B97317FDCFA39411CA2CEA /* Resources */,
				29B97323FDCFA39411CA2CEA /* Frameworks */,
				19C28FACFE9D520D11CA2CBB /* Products */,
			);
			name = Kinect;
			sourceTree = "<group>";
		};
		29B97315FDCFA39411CA2CEA /* Headers */ = {
			isa = PBXGroup;
			children = (
				32CA4F630368D1EE00C91783 /* Kinect_Prefix.pch */,
			);
			name = Headers;
			sourceTree = "<group>";
		};
		29B97317FDCFA39411CA2CEA /* Resources */ = {
			isa = PBXGroup;
			children = (
				EDC4D6901511AA0500479E7A /* frag_120.fs */,
				EDC4D6911511AA0500479E7A /* frag_150.glsl */,
				EDC4D6921511AA0500479E7A /* geom_120.gs */,
				EDC4D6931511AA0500479E7A /* geom_150.glsl */,
				EDC4D6941511AA0500479E7A /* vert_120.vs */,
				EDC4D6951511AA0500479E7A /* vert_150.glsl */,
				8D1107310486CEB800E47090 /* Info.plist */,
				00CCAF14116A9FEE008396D5 /* CinderApp.icns */,
			);
			name = Resources;
			sourceTree = "<group>";
		};
		29B97323FDCFA39411CA2CEA /* Frameworks */ = {
			isa = PBXGroup;
			children = (
				1058C7A0FEA54F0111CA2CBB /* Linked Frameworks */,
				1058C7A2FEA54F0111CA2CBB /* Other Frameworks */,
			);
			name = Frameworks;
			sourceTree = "<group>";
		};
		ED6A6BE71511719000EC7BC3 /* Blocks */ = {
			isa = PBXGroup;
			children = (
				ED6A6BE91511719700EC7BC3 /* OpenNI */,
			);
			name = Blocks;
			sourceTree = "<group>";
		};
		ED6A6BE91511719700EC7BC3 /* OpenNI */ = {
			isa = PBXGroup;
			children = (
				ED6A6BEA1511719E00EC7BC3 /* src */,
			);
			name = OpenNI;
			sourceTree = "<group>";
		};
		ED6A6BEA1511719E00EC7BC3 /* src */ = {
			isa = PBXGroup;
			children = (
				ED6A6BEB1511719E00EC7BC3 /* SkeletonPoseDetector.h */,
				ED6A6BEC1511719E00EC7BC3 /* VOpenNIBone.h */,
				ED6A6BED1511719E00EC7BC3 /* VOpenNICommon.h */,
				ED6A6BEE1511719E00EC7BC3 /* VOpenNIDevice.cpp */,
				ED6A6BEF1511719E00EC7BC3 /* VOpenNIDevice.h */,
				ED6A6BF01511719E00EC7BC3 /* VOpenNIDeviceManager.cpp */,
				ED6A6BF11511719E00EC7BC3 /* VOpenNIDeviceManager.h */,
				ED6A6BF21511719E00EC7BC3 /* VOpenNIHeaders.h */,
				ED6A6BF31511719E00EC7BC3 /* VOpenNINetwork.cpp */,
				ED6A6BF41511719E00EC7BC3 /* VOpenNINetwork.h */,
				ED6A6BF51511719E00EC7BC3 /* VOpenNIRecorder.cpp */,
				ED6A6BF61511719E00EC7BC3 /* VOpenNIRecorder.h */,
				ED6A6BF71511719E00EC7BC3 /* VOpenNISurface.h */,
				ED6A6BF81511719E00EC7BC3 /* VOpenNIUser.cpp */,
				ED6A6BF91511719E00EC7BC3 /* VOpenNIUser.h */,
			);
			name = src;
			path = ../../../blocks/BlockOpenNI/src;
			sourceTree = "<group>";
		};
		EDC4D69D1511AC4800479E7A /* Include */ = {
			isa = PBXGroup;
			children = (
				EDC4D69E1511AC5300479E7A /* Resources.h */,
			);
			name = Include;
			sourceTree = "<group>";
		};
/* End PBXGroup section */

/* Begin PBXNativeTarget section */
		8D1107260486CEB800E47090 /* Kinect */ = {
			isa = PBXNativeTarget;
			buildConfigurationList = C01FCF4A08A954540054247B /* Build configuration list for PBXNativeTarget "Kinect" */;
			buildPhases = (
				8D1107290486CEB800E47090 /* Resources */,
				8D11072C0486CEB800E47090 /* Sources */,
				8D11072E0486CEB800E47090 /* Frameworks */,
			);
			buildRules = (
			);
			dependencies = (
			);
			name = Kinect;
			productInstallPath = "$(HOME)/Applications";
			productName = Kinect;
			productReference = 8D1107320486CEB800E47090 /* Kinect.app */;
			productType = "com.apple.product-type.application";
		};
/* End PBXNativeTarget section */

/* Begin PBXProject section */
		29B97313FDCFA39411CA2CEA /* Project object */ = {
			isa = PBXProject;
			buildConfigurationList = C01FCF4E08A954540054247B /* Build configuration list for PBXProject "Kinect" */;
			compatibilityVersion = "Xcode 3.0";
			developmentRegion = English;
			hasScannedForEncodings = 1;
			knownRegions = (
				en,
			);
			mainGroup = 29B97314FDCFA39411CA2CEA /* Kinect */;
			projectDirPath = "";
			projectRoot = "";
			targets = (
				8D1107260486CEB800E47090 /* Kinect */,
			);
		};
/* End PBXProject section */

/* Begin PBXResourcesBuildPhase section */
		8D1107290486CEB800E47090 /* Resources */ = {
			isa = PBXResourcesBuildPhase;
			buildActionMask = 2147483647;
			files = (
				00CCAF15116A9FEE008396D5 /* CinderApp.icns in Resources */,
				EDC4D6971511AA0500479E7A /* frag_150.glsl in Resources */,
				EDC4D6991511AA0500479E7A /* geom_150.glsl in Resources */,
				EDC4D69B1511AA0500479E7A /* vert_150.glsl in Resources */,
			);
			runOnlyForDeploymentPostprocessing = 0;
		};
/* End PBXResourcesBuildPhase section */

/* Begin PBXSourcesBuildPhase section */
		8D11072C0486CEB800E47090 /* Sources */ = {
			isa = PBXSourcesBuildPhase;
			buildActionMask = 2147483647;
			files = (
				00BAE65A0E7ED9C10018A608 /* KinectApp.cpp in Sources */,
				ED6A6BFA1511719E00EC7BC3 /* VOpenNIDevice.cpp in Sources */,
				ED6A6BFB1511719E00EC7BC3 /* VOpenNIDeviceManager.cpp in Sources */,
				ED6A6BFC1511719E00EC7BC3 /* VOpenNINetwork.cpp in Sources */,
				ED6A6BFD1511719E00EC7BC3 /* VOpenNIRecorder.cpp in Sources */,
				ED6A6BFE1511719E00EC7BC3 /* VOpenNIUser.cpp in Sources */,
				EDC4D6961511AA0500479E7A /* frag_120.fs in Sources */,
				EDC4D6981511AA0500479E7A /* geom_120.gs in Sources */,
				EDC4D69A1511AA0500479E7A /* vert_120.vs in Sources */,
			);
			runOnlyForDeploymentPostprocessing = 0;
		};
/* End PBXSourcesBuildPhase section */

/* Begin XCBuildConfiguration section */
		C01FCF4B08A954540054247B /* Debug */ = {
			isa = XCBuildConfiguration;
			buildSettings = {
				COPY_PHASE_STRIP = NO;
				GCC_DYNAMIC_NO_PIC = NO;
				GCC_ENABLE_FIX_AND_CONTINUE = YES;
				GCC_INLINES_ARE_PRIVATE_EXTERN = YES;
				GCC_MODEL_TUNING = G5;
				GCC_OPTIMIZATION_LEVEL = 0;
				GCC_PRECOMPILE_PREFIX_HEADER = YES;
				GCC_PREFIX_HEADER = Kinect_Prefix.pch;
				GCC_SYMBOLS_PRIVATE_EXTERN = NO;
				HEADER_SEARCH_PATHS = (
					"\"$(CINDER_PATH)/boost\"",
					"\"$(OPENNI_PATH)/Include\"",
				);
				INFOPLIST_FILE = Info.plist;
				INSTALL_PATH = "$(HOME)/Applications";
				LIBRARY_SEARCH_PATHS = "\"$(OPENNI_PATH)/Lib\"";
				OPENNI_PATH = /Users/joshua.noble/code/OpenNI;
				OTHER_LDFLAGS = (
					"\"$(CINDER_PATH)/lib/libcinder_d.a\"",
					"-lcurl",
					"\"$(OPENNI_PATH)/Lib/libOpenNI.dylib\"",
				);
				PRODUCT_NAME = Kinect;
				USER_HEADER_SEARCH_PATHS = "\"$(CINDER_PATH)/include\" ../include \"$(OPENNI_PATH)/Include\"";
				WRAPPER_EXTENSION = app;
			};
			name = Debug;
		};
		C01FCF4C08A954540054247B /* Release */ = {
			isa = XCBuildConfiguration;
			buildSettings = {
				DEAD_CODE_STRIPPING = YES;
				DEBUG_INFORMATION_FORMAT = "dwarf-with-dsym";
				GCC_FAST_MATH = YES;
				GCC_GENERATE_DEBUGGING_SYMBOLS = NO;
				GCC_INLINES_ARE_PRIVATE_EXTERN = YES;
				GCC_MODEL_TUNING = G5;
				GCC_OPTIMIZATION_LEVEL = 3;
				GCC_PRECOMPILE_PREFIX_HEADER = YES;
				GCC_PREFIX_HEADER = Kinect_Prefix.pch;
				GCC_SYMBOLS_PRIVATE_EXTERN = NO;
				HEADER_SEARCH_PATHS = (
					"\"$(CINDER_PATH)/boost\"",
					"\"$(OPENNI_PATH)/Include\"",
				);
				INFOPLIST_FILE = Info.plist;
				INSTALL_PATH = "$(HOME)/Applications";
				LIBRARY_SEARCH_PATHS = "\"$(OPENNI_PATH)/Lib\"";
				OPENNI_PATH = /Users/joshua.noble/code/OpenNI;
				OTHER_LDFLAGS = (
					"\"$(CINDER_PATH)/lib/libcinder.a\"",
					"-lcurl",
					"\"$(OPENNI_PATH)/Lib/libOpenNI.dylib\"",
				);
				PRODUCT_NAME = Kinect;
				STRIP_INSTALLED_PRODUCT = YES;
				USER_HEADER_SEARCH_PATHS = "\"$(CINDER_PATH)/include\" ../include \"$(OPENNI_PATH)/Include\"";
				WRAPPER_EXTENSION = app;
			};
			name = Release;
		};
		C01FCF4F08A954540054247B /* Debug */ = {
			isa = XCBuildConfiguration;
			buildSettings = {
				ALWAYS_SEARCH_USER_PATHS = NO;
				ARCHS = i386;
				CINDER_PATH = ../../..;
				GCC_WARN_ABOUT_RETURN_TYPE = YES;
				GCC_WARN_UNUSED_VARIABLE = YES;
				HEADER_SEARCH_PATHS = (
					"\"$(CINDER_PATH)/boost\"",
					"\"$(CINDER_PATH)/include\"",
				);
				LIBRARY_SEARCH_PATHS = "\"$(OPENNI_PATH)/Lib";
				MACOSX_DEPLOYMENT_TARGET = 10.5;
				OPENNI_PATH = /Users/joshua.noble/code/OpenNI;
				PREBINDING = NO;
				SDKROOT = "$(DEVELOPER_SDK_DIR)/MacOSX10.6.sdk";
				USER_HEADER_SEARCH_PATHS = "\"$(CINDER_PATH)/include\" ../include";
			};
			name = Debug;
		};
		C01FCF5008A954540054247B /* Release */ = {
			isa = XCBuildConfiguration;
			buildSettings = {
				ALWAYS_SEARCH_USER_PATHS = NO;
				ARCHS = i386;
				CINDER_PATH = ../../..;
				GCC_WARN_ABOUT_RETURN_TYPE = YES;
				GCC_WARN_UNUSED_VARIABLE = YES;
				HEADER_SEARCH_PATHS = (
					"\"$(CINDER_PATH)/boost\"",
					"\"$(CINDER_PATH)/include\"",
				);
				LIBRARY_SEARCH_PATHS = "\"$(OPENNI_PATH)/Lib";
				MACOSX_DEPLOYMENT_TARGET = 10.5;
				OPENNI_PATH = /Users/joshua.noble/code/OpenNI;
				PREBINDING = NO;
				SDKROOT = "$(DEVELOPER_SDK_DIR)/MacOSX10.6.sdk";
				USER_HEADER_SEARCH_PATHS = "\"$(CINDER_PATH)/include\" ../include";
			};
			name = Release;
		};
/* End XCBuildConfiguration section */

/* Begin XCConfigurationList section */
		C01FCF4A08A954540054247B /* Build configuration list for PBXNativeTarget "Kinect" */ = {
			isa = XCConfigurationList;
			buildConfigurations = (
				C01FCF4B08A954540054247B /* Debug */,
				C01FCF4C08A954540054247B /* Release */,
			);
			defaultConfigurationIsVisible = 0;
			defaultConfigurationName = Release;
		};
		C01FCF4E08A954540054247B /* Build configuration list for PBXProject "Kinect" */ = {
			isa = XCConfigurationList;
			buildConfigurations = (
				C01FCF4F08A954540054247B /* Debug */,
				C01FCF5008A954540054247B /* Release */,
			);
			defaultConfigurationIsVisible = 0;
			defaultConfigurationName = Release;
		};
/* End XCConfigurationList section */
	};
	rootObject = 29B97313FDCFA39411CA2CEA /* Project object */;
}
